
Microsoft Visual Studio Solution File, Format Version 12.00
# Visual Studio Version 17
VisualStudioVersion = 17.13.35806.99
MinimumVisualStudioVersion = 10.0.40219.1
Project("{FAE04EC0-301F-11D3-BF4B-00C04F79EFBC}") = "strategyDesignPattern", "strategyDesignPattern\strategyDesignPattern.csproj", "{C8ED5B88-C965-4A48-8AD9-1AB3111F914E}"
EndProject
Project("{FAE04EC0-301F-11D3-BF4B-00C04F79EFBC}") = "StrategyApp", "StrategyApp\StrategyApp.csproj", "{5F246BDD-CA02-4094-999A-8DA1652738A6}"
EndProject
Project("{FAE04EC0-301F-11D3-BF4B-00C04F79EFBC}") = "ObserverDesignPattern", "ObserverDesignPattern\ObserverDesignPattern.csproj", "{D0168867-52A5-4E15-A202-BB703C782B18}"
EndProject
Project("{FAE04EC0-301F-11D3-BF4B-00C04F79EFBC}") = "ObserverPatternApp", "ObserverApp\ObserverPatternApp.csproj", "{AEDCCD23-152C-4041-AD27-3FA5A9CCDB6A}"
EndProject
Global
	GlobalSection(SolutionConfigurationPlatforms) = preSolution
		Debug|Any CPU = Debug|Any CPU
		Release|Any CPU = Release|Any CPU
	EndGlobalSection
	GlobalSection(ProjectConfigurationPlatforms) = postSolution
		{C8ED5B88-C965-4A48-8AD9-1AB3111F914E}.Debug|Any CPU.ActiveCfg = Debug|Any CPU
		{C8ED5B88-C965-4A48-8AD9-1AB3111F914E}.Debug|Any CPU.Build.0 = Debug|Any CPU
		{C8ED5B88-C965-4A48-8AD9-1AB3111F914E}.Release|Any CPU.ActiveCfg = Release|Any CPU
		{C8ED5B88-C965-4A48-8AD9-1AB3111F914E}.Release|Any CPU.Build.0 = Release|Any CPU
		{5F246BDD-CA02-4094-999A-8DA1652738A6}.Debug|Any CPU.ActiveCfg = Debug|Any CPU
		{5F246BDD-CA02-4094-999A-8DA1652738A6}.Debug|Any CPU.Build.0 = Debug|Any CPU
		{5F246BDD-CA02-4094-999A-8DA1652738A6}.Release|Any CPU.ActiveCfg = Release|Any CPU
		{5F246BDD-CA02-4094-999A-8DA1652738A6}.Release|Any CPU.Build.0 = Release|Any CPU
		{D0168867-52A5-4E15-A202-BB703C782B18}.Debug|Any CPU.ActiveCfg = Debug|Any CPU
		{D0168867-52A5-4E15-A202-BB703C782B18}.Debug|Any CPU.Build.0 = Debug|Any CPU
		{D0168867-52A5-4E15-A202-BB703C782B18}.Release|Any CPU.ActiveCfg = Release|Any CPU
		{D0168867-52A5-4E15-A202-BB703C782B18}.Release|Any CPU.Build.0 = Release|Any CPU
		{AEDCCD23-152C-4041-AD27-3FA5A9CCDB6A}.Debug|Any CPU.ActiveCfg = Debug|Any CPU
		{AEDCCD23-152C-4041-AD27-3FA5A9CCDB6A}.Debug|Any CPU.Build.0 = Debug|Any CPU
		{AEDCCD23-152C-4041-AD27-3FA5A9CCDB6A}.Release|Any CPU.ActiveCfg = Release|Any CPU
		{AEDCCD23-152C-4041-AD27-3FA5A9CCDB6A}.Release|Any CPU.Build.0 = Release|Any CPU
	EndGlobalSection
	GlobalSection(SolutionProperties) = preSolution
		HideSolutionNode = FALSE
	EndGlobalSection
	GlobalSection(ExtensibilityGlobals) = postSolution
		SolutionGuid = {D8AE8774-712F-4E69-91F2-6F3A9CEF44AE}
	EndGlobalSection
EndGlobal
